{
  "version": 2,
  "dependencies": {
    "net10.0": {
      "CommunityToolkit.HighPerformance": {
        "type": "Transitive",
        "resolved": "8.4.0",
        "contentHash": "flxspiBs0G/0GMp7IK2J2ijV9bTG6hEwFc/z6ekHqB6nwRJ4Ry2yLdx+TkbCUYFCl4XhABkAwomeKbT6zM2Zlg=="
      },
      "Microsoft.EntityFrameworkCore.Abstractions": {
        "type": "Transitive",
        "resolved": "10.0.10",
        "contentHash": "bOzrFCl6uZCjaSh2bG1ToRQRdx+iXvxosCg9hFyG9OWeAzOFI4xev9OqKeWfKf/kAHyox2JnbcvLVf2ceA7sqA=="
      },
      "Microsoft.EntityFrameworkCore.Analyzers": {
        "type": "Transitive",
        "resolved": "10.0.10",
        "contentHash": "2gLDordUCGf3aNOOuqtTbP5mxhiP9nk6TnvGiE3RnqT891O+Zf/qKu1PIREubs1M16A0SImr4vULBfU5BTDs1Q=="
      },
      "Microsoft.EntityFrameworkCore.Relational": {
        "type": "Transitive",
        "resolved": "10.0.10",
        "contentHash": "wNonj40aZxia+GtuBiiD6ZqVh4h6y5Nje1bGdmzZ8/ui0QRsAN+S0SIrLHFCEGbG9cDbeaE40sh+Lr7o9rRs6g==",
        "dependencies": {
          "Microsoft.EntityFrameworkCore": "10.0.10"
        }
      },
      "Microsoft.Extensions.FileProviders.Embedded": {
        "type": "Transitive",
        "resolved": "10.0.10",
        "contentHash": "TZQQIZ1wFmQX7WdRAyhaDlv3splUPOYheTP3aZtoLpxMlVnLOFRjiLaDB0PZX/d27N52+FLbiNkwL02x4hZgjg=="
      },
      "Npgsql": {
        "type": "Transitive",
        "resolved": "10.0.3",
        "contentHash": "7nb5YzXuvWWJxB0J8DiyL3we+X4FOctZrt0fIBnucOIaIevFEEwGQVZKtiu9olXdlNAK1eNgqSral6r/jlhI4w=="
      },
      "System.IO.Hashing": {
        "type": "Transitive",
        "resolved": "9.0.4",
        "contentHash": "WogPvgAFqQORFD8Iyha6RZ+/1QB3dsWRWxbwi8/HHVgiGQ8z0oMWpwe8Kk3Ti+Roe+P6a3sBg+WwBfEsyziZKg=="
      },
      "System.Reactive": {
        "type": "Transitive",
        "resolved": "6.0.1",
        "contentHash": "rHaWtKDwCi9qJ3ObKo8LHPMuuwv33YbmQi7TcUK1C264V3MFnOr5Im7QgCTdLniztP3GJyeiSg5x8NqYJFqRmg=="
      },
      "carbonfootprint.application": {
        "type": "Project",
        "dependencies": {
          "CarbonFootprint.Domain": "[1.0.0, )"
        }
      },
      "carbonfootprint.domain": {
        "type": "Project"
      },
      "carbonfootprint.infrastructure": {
        "type": "Project",
        "dependencies": {
          "CarbonFootprint.Application": "[1.0.0, )",
          "CarbonFootprint.Domain": "[1.0.0, )",
          "EFCore.NamingConventions": "[10.0.1, )",
          "Microsoft.AspNetCore.Identity.EntityFrameworkCore": "[10.0.10, )",
          "Microsoft.AspNetCore.Identity.UI": "[10.0.10, )",
          "Microsoft.EntityFrameworkCore": "[10.0.10, )",
          "Minio": "[7.0.0, )",
          "Npgsql.EntityFrameworkCore.PostgreSQL": "[10.0.3, )"
        }
      },
      "EFCore.NamingConventions": {
        "type": "CentralTransitive",
        "requested": "[10.0.1, )",
        "resolved": "10.0.1",
        "contentHash": "Xs5k8XfNKPkkQSkGmZkmDI1je0prLTdxse+s8PgTFZxyBrlrTLzTBUTVJtQKSsbvu4y+luAv8DdtO5SALJE++A==",
        "dependencies": {
          "Microsoft.EntityFrameworkCore": "[10.0.1, 11.0.0)",
          "Microsoft.EntityFrameworkCore.Relational": "[10.0.1, 11.0.0)"
        }
      },
      "Microsoft.AspNetCore.Identity.EntityFrameworkCore": {
        "type": "CentralTransitive",
        "requested": "[10.0.10, )",
        "resolved": "10.0.10",
        "contentHash": "/ZV8RMWbWob1ZGsF5f1wVJNNlFLPKCf2ba834PpQiNhirVQ/ksup5SujtuUsvByHEZgv+9dmjC/4Xdi75axmXQ==",
        "dependencies": {
          "Microsoft.EntityFrameworkCore.Relational": "10.0.10"
        }
      },
      "Microsoft.AspNetCore.Identity.UI": {
        "type": "CentralTransitive",
        "requested": "[10.0.10, )",
        "resolved": "10.0.10",
        "contentHash": "RdI9FJYK+sSU20x+/SUumKoXRrnIT4PpcqaZ6lwQvMpV4XJKir/yaF0k7P9C7V/GTijxlOzymFlT+McXMotZDw==",
        "dependencies": {
          "Microsoft.Extensions.FileProviders.Embedded": "10.0.10"
        }
      },
      "Microsoft.EntityFrameworkCore": {
        "type": "CentralTransitive",
        "requested": "[10.0.10, )",
        "resolved": "10.0.10",
        "contentHash": "a0V7zj/VbYP6dTdWpUgE/r2PuLKtUGe2aJ0lVKkn/wP9ZhaxUz2kQydVfvOjCv2SKxlrqdBfHhPD4Cvlf+4ffA==",
        "dependencies": {
          "Microsoft.EntityFrameworkCore.Abstractions": "10.0.10",
          "Microsoft.EntityFrameworkCore.Analyzers": "10.0.10"
        }
      },
      "Minio": {
        "type": "CentralTransitive",
        "requested": "[7.0.0, )",
        "resolved": "7.0.0",
        "contentHash": "GiCD0koYBM8/VCXRkrfSzOtySEmrA2ngceJuxRO5H+/uGodiTX+XPaUHQq9/1DpaeBxWnkmrgqu52dwuZqIYgw==",
        "dependencies": {
          "CommunityToolkit.HighPerformance": "8.4.0",
          "System.IO.Hashing": "9.0.4",
          "System.Reactive": "6.0.1"
        }
      },
      "Npgsql.EntityFrameworkCore.PostgreSQL": {
        "type": "CentralTransitive",
        "requested": "[10.0.3, )",
        "resolved": "10.0.3",
        "contentHash": "IPGrrZnRkuW7OlHDhUESZz4G5DLkW7Nej/O3Cx+0iTsgyU5XJxBgpsvTHLloo3WWuAKKbDHXBvWPVkX1deRh1Q==",
        "dependencies": {
          "Microsoft.EntityFrameworkCore": "[10.0.4, 11.0.0)",
          "Microsoft.EntityFrameworkCore.Relational": "[10.0.4, 11.0.0)",
          "Npgsql": "10.0.3"
        }
      }
    }
  }
}